
Microsoft Visual Studio Solution File, Format Version 12.00
# Visual Studio 2012
Project("{FAE04EC0-301F-11D3-BF4B-00C04F79EFBC}") = "Xamarin_Slider", "Xamarin_Slider\Xamarin_Slider.csproj", "{CC386720-76CA-47CD-9BC5-2EE573BBCE74}"
EndProject
Project("{FAE04EC0-301F-11D3-BF4B-00C04F79EFBC}") = "Xamarin_Slider.iOS", "iOS\Xamarin_Slider.iOS.csproj", "{36416815-C106-49AF-8F63-AAC64021282B}"
EndProject
Project("{FAE04EC0-301F-11D3-BF4B-00C04F79EFBC}") = "Xamarin_Slider.Droid", "Droid\Xamarin_Slider.Droid.csproj", "{6D55C48A-496C-4F7B-9A74-1239E2A5D46F}"
EndProject
Global
	GlobalSection(SolutionConfigurationPlatforms) = preSolution
		Debug|Any CPU = Debug|Any CPU
		Release|Any CPU = Release|Any CPU
		Debug|iPhoneSimulator = Debug|iPhoneSimulator
		Release|iPhone = Release|iPhone
		Release|iPhoneSimulator = Release|iPhoneSimulator
		Debug|iPhone = Debug|iPhone
	EndGlobalSection
	GlobalSection(ProjectConfigurationPlatforms) = postSolution
		{CC386720-76CA-47CD-9BC5-2EE573BBCE74}.Debug|Any CPU.ActiveCfg = Debug|Any CPU
		{CC386720-76CA-47CD-9BC5-2EE573BBCE74}.Debug|Any CPU.Build.0 = Debug|Any CPU
		{CC386720-76CA-47CD-9BC5-2EE573BBCE74}.Release|Any CPU.ActiveCfg = Release|Any CPU
		{CC386720-76CA-47CD-9BC5-2EE573BBCE74}.Release|Any CPU.Build.0 = Release|Any CPU
		{CC386720-76CA-47CD-9BC5-2EE573BBCE74}.Debug|iPhoneSimulator.ActiveCfg = Debug|Any CPU
		{CC386720-76CA-47CD-9BC5-2EE573BBCE74}.Debug|iPhoneSimulator.Build.0 = Debug|Any CPU
		{CC386720-76CA-47CD-9BC5-2EE573BBCE74}.Release|iPhone.ActiveCfg = Release|Any CPU
		{CC386720-76CA-47CD-9BC5-2EE573BBCE74}.Release|iPhone.Build.0 = Release|Any CPU
		{CC386720-76CA-47CD-9BC5-2EE573BBCE74}.Release|iPhoneSimulator.ActiveCfg = Release|Any CPU
		{CC386720-76CA-47CD-9BC5-2EE573BBCE74}.Release|iPhoneSimulator.Build.0 = Release|Any CPU
		{CC386720-76CA-47CD-9BC5-2EE573BBCE74}.Debug|iPhone.ActiveCfg = Debug|Any CPU
		{CC386720-76CA-47CD-9BC5-2EE573BBCE74}.Debug|iPhone.Build.0 = Debug|Any CPU
		{36416815-C106-49AF-8F63-AAC64021282B}.Debug|Any CPU.ActiveCfg = Debug|iPhoneSimulator
		{36416815-C106-49AF-8F63-AAC64021282B}.Debug|Any CPU.Build.0 = Debug|iPhoneSimulator
		{36416815-C106-49AF-8F63-AAC64021282B}.Release|Any CPU.ActiveCfg = Release|iPhone
		{36416815-C106-49AF-8F63-AAC64021282B}.Release|Any CPU.Build.0 = Release|iPhone
		{36416815-C106-49AF-8F63-AAC64021282B}.Debug|iPhoneSimulator.ActiveCfg = Debug|iPhoneSimulator
		{36416815-C106-49AF-8F63-AAC64021282B}.Debug|iPhoneSimulator.Build.0 = Debug|iPhoneSimulator
		{36416815-C106-49AF-8F63-AAC64021282B}.Release|iPhone.ActiveCfg = Release|iPhone
		{36416815-C106-49AF-8F63-AAC64021282B}.Release|iPhone.Build.0 = Release|iPhone
		{36416815-C106-49AF-8F63-AAC64021282B}.Release|iPhoneSimulator.ActiveCfg = Release|iPhoneSimulator
		{36416815-C106-49AF-8F63-AAC64021282B}.Release|iPhoneSimulator.Build.0 = Release|iPhoneSimulator
		{36416815-C106-49AF-8F63-AAC64021282B}.Debug|iPhone.ActiveCfg = Debug|iPhone
		{36416815-C106-49AF-8F63-AAC64021282B}.Debug|iPhone.Build.0 = Debug|iPhone
		{6D55C48A-496C-4F7B-9A74-1239E2A5D46F}.Debug|Any CPU.ActiveCfg = Debug|Any CPU
		{6D55C48A-496C-4F7B-9A74-1239E2A5D46F}.Debug|Any CPU.Build.0 = Debug|Any CPU
		{6D55C48A-496C-4F7B-9A74-1239E2A5D46F}.Release|Any CPU.ActiveCfg = Release|Any CPU
		{6D55C48A-496C-4F7B-9A74-1239E2A5D46F}.Release|Any CPU.Build.0 = Release|Any CPU
		{6D55C48A-496C-4F7B-9A74-1239E2A5D46F}.Debug|iPhoneSimulator.ActiveCfg = Debug|Any CPU
		{6D55C48A-496C-4F7B-9A74-1239E2A5D46F}.Debug|iPhoneSimulator.Build.0 = Debug|Any CPU
		{6D55C48A-496C-4F7B-9A74-1239E2A5D46F}.Release|iPhone.ActiveCfg = Release|Any CPU
		{6D55C48A-496C-4F7B-9A74-1239E2A5D46F}.Release|iPhone.Build.0 = Release|Any CPU
		{6D55C48A-496C-4F7B-9A74-1239E2A5D46F}.Release|iPhoneSimulator.ActiveCfg = Release|Any CPU
		{6D55C48A-496C-4F7B-9A74-1239E2A5D46F}.Release|iPhoneSimulator.Build.0 = Release|Any CPU
		{6D55C48A-496C-4F7B-9A74-1239E2A5D46F}.Debug|iPhone.ActiveCfg = Debug|Any CPU
		{6D55C48A-496C-4F7B-9A74-1239E2A5D46F}.Debug|iPhone.Build.0 = Debug|Any CPU
	EndGlobalSection
EndGlobal
